// !$*UTF8*$!
{
	archiveVersion = 1;
	classes = {
	};
	objectVersion = 46;
	objects = {

/* Begin PBXBuildFile section */
		D90D748118A708B600B39F14 /* GidrSettingsTableControllerViewController.m in Sources */ = {isa = PBXBuildFile; fileRef = D90D748018A708B600B39F14 /* GidrSettingsTableControllerViewController.m */; };
		D90D748718A7095900B39F14 /* GidrSearchViewController.m in Sources */ = {isa = PBXBuildFile; fileRef = D90D748618A7095900B39F14 /* GidrSearchViewController.m */; };
		D90D748A18A7097C00B39F14 /* GidrSearchResultsTableViewController.m in Sources */ = {isa = PBXBuildFile; fileRef = D90D748918A7097C00B39F14 /* GidrSearchResultsTableViewController.m */; };
		D93C2DC218991FCA007A6F6A /* SpashscreenMockup.png in Resources */ = {isa = PBXBuildFile; fileRef = D93C2DC018991FCA007A6F6A /* SpashscreenMockup.png */; };
		D93C2DC318991FCA007A6F6A /* SpashscreenMockup@2x.png in Resources */ = {isa = PBXBuildFile; fileRef = D93C2DC118991FCA007A6F6A /* SpashscreenMockup@2x.png */; };
		D9517FCA18C3D00500753FFD /* GidrTabBarViewController.m in Sources */ = {isa = PBXBuildFile; fileRef = D9517FC918C3D00500753FFD /* GidrTabBarViewController.m */; };
		D9517FCD18C3D06A00753FFD /* GidrInitialSetupViewController.m in Sources */ = {isa = PBXBuildFile; fileRef = D9517FCC18C3D06A00753FFD /* GidrInitialSetupViewController.m */; };
		D952A75018B16FC200CD22C7 /* GidrNavigationController.m in Sources */ = {isa = PBXBuildFile; fileRef = D952A74F18B16FC200CD22C7 /* GidrNavigationController.m */; };
		D96C1B0C189571DC00123AFA /* Foundation.framework in Frameworks */ = {isa = PBXBuildFile; fileRef = D96C1B0B189571DC00123AFA /* Foundation.framework */; };
		D96C1B0E189571DC00123AFA /* CoreGraphics.framework in Frameworks */ = {isa = PBXBuildFile; fileRef = D96C1B0D189571DC00123AFA /* CoreGraphics.framework */; };
		D96C1B10189571DC00123AFA /* UIKit.framework in Frameworks */ = {isa = PBXBuildFile; fileRef = D96C1B0F189571DC00123AFA /* UIKit.framework */; };
		D96C1B16189571DC00123AFA /* InfoPlist.strings in Resources */ = {isa = PBXBuildFile; fileRef = D96C1B14189571DC00123AFA /* InfoPlist.strings */; };
		D96C1B18189571DC00123AFA /* main.m in Sources */ = {isa = PBXBuildFile; fileRef = D96C1B17189571DC00123AFA /* main.m */; };
		D96C1B1C189571DC00123AFA /* GidrAppDelegate.m in Sources */ = {isa = PBXBuildFile; fileRef = D96C1B1B189571DC00123AFA /* GidrAppDelegate.m */; };
		D96C1B1F189571DC00123AFA /* Main.storyboard in Resources */ = {isa = PBXBuildFile; fileRef = D96C1B1D189571DC00123AFA /* Main.storyboard */; };
		D96C1B24189571DC00123AFA /* Images.xcassets in Resources */ = {isa = PBXBuildFile; fileRef = D96C1B23189571DC00123AFA /* Images.xcassets */; };
		D96C1B2B189571DC00123AFA /* XCTest.framework in Frameworks */ = {isa = PBXBuildFile; fileRef = D96C1B2A189571DC00123AFA /* XCTest.framework */; };
		D96C1B2C189571DC00123AFA /* Foundation.framework in Frameworks */ = {isa = PBXBuildFile; fileRef = D96C1B0B189571DC00123AFA /* Foundation.framework */; };
		D96C1B2D189571DC00123AFA /* UIKit.framework in Frameworks */ = {isa = PBXBuildFile; fileRef = D96C1B0F189571DC00123AFA /* UIKit.framework */; };
		D96C1B35189571DC00123AFA /* InfoPlist.strings in Resources */ = {isa = PBXBuildFile; fileRef = D96C1B33189571DC00123AFA /* InfoPlist.strings */; };
		D96C1B37189571DC00123AFA /* GidrTests.m in Sources */ = {isa = PBXBuildFile; fileRef = D96C1B36189571DC00123AFA /* GidrTests.m */; };
		D96C1B421895746700123AFA /* GidrDiscoverViewController.m in Sources */ = {isa = PBXBuildFile; fileRef = D96C1B411895746700123AFA /* GidrDiscoverViewController.m */; };
		D96C1B481895792E00123AFA /* radar.png in Resources */ = {isa = PBXBuildFile; fileRef = D96C1B471895792E00123AFA /* radar.png */; };
		D96C1B4A1895796F00123AFA /* magnify.png in Resources */ = {isa = PBXBuildFile; fileRef = D96C1B491895796F00123AFA /* magnify.png */; };
		D96C1B4E18957A0400123AFA /* AudioToolbox.framework in Frameworks */ = {isa = PBXBuildFile; fileRef = D96C1B4D18957A0400123AFA /* AudioToolbox.framework */; };
		D96C1B5018957A0D00123AFA /* CFNetwork.framework in Frameworks */ = {isa = PBXBuildFile; fileRef = D96C1B4F18957A0D00123AFA /* CFNetwork.framework */; };
		D96C1B5218957A2100123AFA /* libz.dylib in Frameworks */ = {isa = PBXBuildFile; fileRef = D96C1B5118957A2100123AFA /* libz.dylib */; };
		D96C1B5418957A2900123AFA /* MobileCoreServices.framework in Frameworks */ = {isa = PBXBuildFile; fileRef = D96C1B5318957A2900123AFA /* MobileCoreServices.framework */; };
		D96C1B5618957A3200123AFA /* QuartzCore.framework in Frameworks */ = {isa = PBXBuildFile; fileRef = D96C1B5518957A3200123AFA /* QuartzCore.framework */; };
		D96C1B5818957A3800123AFA /* Security.framework in Frameworks */ = {isa = PBXBuildFile; fileRef = D96C1B5718957A3800123AFA /* Security.framework */; };
		D96C1B5C18957A4300123AFA /* SystemConfiguration.framework in Frameworks */ = {isa = PBXBuildFile; fileRef = D96C1B5B18957A4300123AFA /* SystemConfiguration.framework */; };
		D97531AB18C0EC000011063F /* GidrEventViewController.m in Sources */ = {isa = PBXBuildFile; fileRef = D97531AA18C0EC000011063F /* GidrEventViewController.m */; };
		D97531AD18C0ED6C0011063F /* StoreKit.framework in Frameworks */ = {isa = PBXBuildFile; fileRef = D97531AC18C0ED6C0011063F /* StoreKit.framework */; };
		D97531B018C0EE9B0011063F /* GidrEvent.m in Sources */ = {isa = PBXBuildFile; fileRef = D97531AF18C0EE9B0011063F /* GidrEvent.m */; };
		D97531B318C0EEBB0011063F /* GidrEventsMapper.m in Sources */ = {isa = PBXBuildFile; fileRef = D97531B218C0EEBB0011063F /* GidrEventsMapper.m */; };
		D991DDB31895B6AE00BEBE47 /* CoreData.framework in Frameworks */ = {isa = PBXBuildFile; fileRef = D991DDB21895B6AE00BEBE47 /* CoreData.framework */; };
		D991DDB61895B6C200BEBE47 /* Model.xcdatamodeld in Sources */ = {isa = PBXBuildFile; fileRef = D991DDB41895B6C200BEBE47 /* Model.xcdatamodeld */; };
		D9B0E95D18C109D7008A9435 /* Parse.framework in Frameworks */ = {isa = PBXBuildFile; fileRef = D9B0E95C18C109D7008A9435 /* Parse.framework */; };
/* End PBXBuildFile section */

/* Begin PBXContainerItemProxy section */
		D96C1B2E189571DC00123AFA /* PBXContainerItemProxy */ = {
			isa = PBXContainerItemProxy;
			containerPortal = D96C1B00189571DC00123AFA /* Project object */;
			proxyType = 1;
			remoteGlobalIDString = D96C1B07189571DC00123AFA;
			remoteInfo = Gidr;
		};
/* End PBXContainerItemProxy section */

/* Begin PBXFileReference section */
		D90D747F18A708B600B39F14 /* GidrSettingsTableControllerViewController.h */ = {isa = PBXFileReference; fileEncoding = 4; lastKnownFileType = sourcecode.c.h; path = GidrSettingsTableControllerViewController.h; sourceTree = "<group>"; };
		D90D748018A708B600B39F14 /* GidrSettingsTableControllerViewController.m */ = {isa = PBXFileReference; fileEncoding = 4; lastKnownFileType = sourcecode.c.objc; path = GidrSettingsTableControllerViewController.m; sourceTree = "<group>"; };
		D90D748518A7095900B39F14 /* GidrSearchViewController.h */ = {isa = PBXFileReference; fileEncoding = 4; lastKnownFileType = sourcecode.c.h; path = GidrSearchViewController.h; sourceTree = "<group>"; };
		D90D748618A7095900B39F14 /* GidrSearchViewController.m */ = {isa = PBXFileReference; fileEncoding = 4; lastKnownFileType = sourcecode.c.objc; path = GidrSearchViewController.m; sourceTree = "<group>"; };
		D90D748818A7097C00B39F14 /* GidrSearchResultsTableViewController.h */ = {isa = PBXFileReference; fileEncoding = 4; lastKnownFileType = sourcecode.c.h; path = GidrSearchResultsTableViewController.h; sourceTree = "<group>"; };
		D90D748918A7097C00B39F14 /* GidrSearchResultsTableViewController.m */ = {isa = PBXFileReference; fileEncoding = 4; lastKnownFileType = sourcecode.c.objc; path = GidrSearchResultsTableViewController.m; sourceTree = "<group>"; };
		D9396C2018C101D4006AE09F /* Model.xcdatamodel */ = {isa = PBXFileReference; lastKnownFileType = wrapper.xcdatamodel; path = Model.xcdatamodel; sourceTree = "<group>"; };
		D93C2DC018991FCA007A6F6A /* SpashscreenMockup.png */ = {isa = PBXFileReference; lastKnownFileType = image.png; path = SpashscreenMockup.png; sourceTree = "<group>"; };
		D93C2DC118991FCA007A6F6A /* SpashscreenMockup@2x.png */ = {isa = PBXFileReference; lastKnownFileType = image.png; path = "SpashscreenMockup@2x.png"; sourceTree = "<group>"; };
		D9517FC818C3D00500753FFD /* GidrTabBarViewController.h */ = {isa = PBXFileReference; fileEncoding = 4; lastKnownFileType = sourcecode.c.h; path = GidrTabBarViewController.h; sourceTree = "<group>"; };
		D9517FC918C3D00500753FFD /* GidrTabBarViewController.m */ = {isa = PBXFileReference; fileEncoding = 4; lastKnownFileType = sourcecode.c.objc; path = GidrTabBarViewController.m; sourceTree = "<group>"; };
		D9517FCB18C3D06A00753FFD /* GidrInitialSetupViewController.h */ = {isa = PBXFileReference; fileEncoding = 4; lastKnownFileType = sourcecode.c.h; path = GidrInitialSetupViewController.h; sourceTree = "<group>"; };
		D9517FCC18C3D06A00753FFD /* GidrInitialSetupViewController.m */ = {isa = PBXFileReference; fileEncoding = 4; lastKnownFileType = sourcecode.c.objc; path = GidrInitialSetupViewController.m; sourceTree = "<group>"; };
		D952A74E18B16FC200CD22C7 /* GidrNavigationController.h */ = {isa = PBXFileReference; fileEncoding = 4; lastKnownFileType = sourcecode.c.h; path = GidrNavigationController.h; sourceTree = "<group>"; };
		D952A74F18B16FC200CD22C7 /* GidrNavigationController.m */ = {isa = PBXFileReference; fileEncoding = 4; lastKnownFileType = sourcecode.c.objc; path = GidrNavigationController.m; sourceTree = "<group>"; };
		D96C1B08189571DC00123AFA /* Gidr.app */ = {isa = PBXFileReference; explicitFileType = wrapper.application; includeInIndex = 0; path = Gidr.app; sourceTree = BUILT_PRODUCTS_DIR; };
		D96C1B0B189571DC00123AFA /* Foundation.framework */ = {isa = PBXFileReference; lastKnownFileType = wrapper.framework; name = Foundation.framework; path = System/Library/Frameworks/Foundation.framework; sourceTree = SDKROOT; };
		D96C1B0D189571DC00123AFA /* CoreGraphics.framework */ = {isa = PBXFileReference; lastKnownFileType = wrapper.framework; name = CoreGraphics.framework; path = System/Library/Frameworks/CoreGraphics.framework; sourceTree = SDKROOT; };
		D96C1B0F189571DC00123AFA /* UIKit.framework */ = {isa = PBXFileReference; lastKnownFileType = wrapper.framework; name = UIKit.framework; path = System/Library/Frameworks/UIKit.framework; sourceTree = SDKROOT; };
		D96C1B13189571DC00123AFA /* Gidr-Info.plist */ = {isa = PBXFileReference; lastKnownFileType = text.plist.xml; path = "Gidr-Info.plist"; sourceTree = "<group>"; };
		D96C1B15189571DC00123AFA /* en */ = {isa = PBXFileReference; lastKnownFileType = text.plist.strings; name = en; path = en.lproj/InfoPlist.strings; sourceTree = "<group>"; };
		D96C1B17189571DC00123AFA /* main.m */ = {isa = PBXFileReference; lastKnownFileType = sourcecode.c.objc; path = main.m; sourceTree = "<group>"; };
		D96C1B19189571DC00123AFA /* Gidr-Prefix.pch */ = {isa = PBXFileReference; lastKnownFileType = sourcecode.c.h; path = "Gidr-Prefix.pch"; sourceTree = "<group>"; };
		D96C1B1A189571DC00123AFA /* GidrAppDelegate.h */ = {isa = PBXFileReference; lastKnownFileType = sourcecode.c.h; path = GidrAppDelegate.h; sourceTree = "<group>"; };
		D96C1B1B189571DC00123AFA /* GidrAppDelegate.m */ = {isa = PBXFileReference; lastKnownFileType = sourcecode.c.objc; path = GidrAppDelegate.m; sourceTree = "<group>"; };
		D96C1B1E189571DC00123AFA /* Base */ = {isa = PBXFileReference; lastKnownFileType = file.storyboard; name = Base; path = Base.lproj/Main.storyboard; sourceTree = "<group>"; };
		D96C1B23189571DC00123AFA /* Images.xcassets */ = {isa = PBXFileReference; lastKnownFileType = folder.assetcatalog; path = Images.xcassets; sourceTree = "<group>"; };
		D96C1B29189571DC00123AFA /* GidrTests.xctest */ = {isa = PBXFileReference; explicitFileType = wrapper.cfbundle; includeInIndex = 0; path = GidrTests.xctest; sourceTree = BUILT_PRODUCTS_DIR; };
		D96C1B2A189571DC00123AFA /* XCTest.framework */ = {isa = PBXFileReference; lastKnownFileType = wrapper.framework; name = XCTest.framework; path = Library/Frameworks/XCTest.framework; sourceTree = DEVELOPER_DIR; };
		D96C1B32189571DC00123AFA /* GidrTests-Info.plist */ = {isa = PBXFileReference; lastKnownFileType = text.plist.xml; path = "GidrTests-Info.plist"; sourceTree = "<group>"; };
		D96C1B34189571DC00123AFA /* en */ = {isa = PBXFileReference; lastKnownFileType = text.plist.strings; name = en; path = en.lproj/InfoPlist.strings; sourceTree = "<group>"; };
		D96C1B36189571DC00123AFA /* GidrTests.m */ = {isa = PBXFileReference; lastKnownFileType = sourcecode.c.objc; path = GidrTests.m; sourceTree = "<group>"; };
		D96C1B401895746700123AFA /* GidrDiscoverViewController.h */ = {isa = PBXFileReference; fileEncoding = 4; lastKnownFileType = sourcecode.c.h; path = GidrDiscoverViewController.h; sourceTree = "<group>"; };
		D96C1B411895746700123AFA /* GidrDiscoverViewController.m */ = {isa = PBXFileReference; fileEncoding = 4; lastKnownFileType = sourcecode.c.objc; path = GidrDiscoverViewController.m; sourceTree = "<group>"; };
		D96C1B471895792E00123AFA /* radar.png */ = {isa = PBXFileReference; lastKnownFileType = image.png; path = radar.png; sourceTree = "<group>"; };
		D96C1B491895796F00123AFA /* magnify.png */ = {isa = PBXFileReference; lastKnownFileType = image.png; path = magnify.png; sourceTree = "<group>"; };
		D96C1B4D18957A0400123AFA /* AudioToolbox.framework */ = {isa = PBXFileReference; lastKnownFileType = wrapper.framework; name = AudioToolbox.framework; path = System/Library/Frameworks/AudioToolbox.framework; sourceTree = SDKROOT; };
		D96C1B4F18957A0D00123AFA /* CFNetwork.framework */ = {isa = PBXFileReference; lastKnownFileType = wrapper.framework; name = CFNetwork.framework; path = System/Library/Frameworks/CFNetwork.framework; sourceTree = SDKROOT; };
		D96C1B5118957A2100123AFA /* libz.dylib */ = {isa = PBXFileReference; lastKnownFileType = "compiled.mach-o.dylib"; name = libz.dylib; path = usr/lib/libz.dylib; sourceTree = SDKROOT; };
		D96C1B5318957A2900123AFA /* MobileCoreServices.framework */ = {isa = PBXFileReference; lastKnownFileType = wrapper.framework; name = MobileCoreServices.framework; path = System/Library/Frameworks/MobileCoreServices.framework; sourceTree = SDKROOT; };
		D96C1B5518957A3200123AFA /* QuartzCore.framework */ = {isa = PBXFileReference; lastKnownFileType = wrapper.framework; name = QuartzCore.framework; path = System/Library/Frameworks/QuartzCore.framework; sourceTree = SDKROOT; };
		D96C1B5718957A3800123AFA /* Security.framework */ = {isa = PBXFileReference; lastKnownFileType = wrapper.framework; name = Security.framework; path = System/Library/Frameworks/Security.framework; sourceTree = SDKROOT; };
		D96C1B5B18957A4300123AFA /* SystemConfiguration.framework */ = {isa = PBXFileReference; lastKnownFileType = wrapper.framework; name = SystemConfiguration.framework; path = System/Library/Frameworks/SystemConfiguration.framework; sourceTree = SDKROOT; };
		D97531A918C0EC000011063F /* GidrEventViewController.h */ = {isa = PBXFileReference; fileEncoding = 4; lastKnownFileType = sourcecode.c.h; path = GidrEventViewController.h; sourceTree = "<group>"; };
		D97531AA18C0EC000011063F /* GidrEventViewController.m */ = {isa = PBXFileReference; fileEncoding = 4; lastKnownFileType = sourcecode.c.objc; path = GidrEventViewController.m; sourceTree = "<group>"; };
		D97531AC18C0ED6C0011063F /* StoreKit.framework */ = {isa = PBXFileReference; lastKnownFileType = wrapper.framework; name = StoreKit.framework; path = System/Library/Frameworks/StoreKit.framework; sourceTree = SDKROOT; };
		D97531AE18C0EE9B0011063F /* GidrEvent.h */ = {isa = PBXFileReference; fileEncoding = 4; lastKnownFileType = sourcecode.c.h; path = GidrEvent.h; sourceTree = "<group>"; };
		D97531AF18C0EE9B0011063F /* GidrEvent.m */ = {isa = PBXFileReference; fileEncoding = 4; lastKnownFileType = sourcecode.c.objc; path = GidrEvent.m; sourceTree = "<group>"; };
		D97531B118C0EEBB0011063F /* GidrEventsMapper.h */ = {isa = PBXFileReference; fileEncoding = 4; lastKnownFileType = sourcecode.c.h; path = GidrEventsMapper.h; sourceTree = "<group>"; };
		D97531B218C0EEBB0011063F /* GidrEventsMapper.m */ = {isa = PBXFileReference; fileEncoding = 4; lastKnownFileType = sourcecode.c.objc; path = GidrEventsMapper.m; sourceTree = "<group>"; };
		D991DDB21895B6AE00BEBE47 /* CoreData.framework */ = {isa = PBXFileReference; lastKnownFileType = wrapper.framework; name = CoreData.framework; path = System/Library/Frameworks/CoreData.framework; sourceTree = SDKROOT; };
		D991DDB51895B6C200BEBE47 /* Model.xcdatamodel */ = {isa = PBXFileReference; lastKnownFileType = wrapper.xcdatamodel; path = Model.xcdatamodel; sourceTree = "<group>"; };
		D9B0E95C18C109D7008A9435 /* Parse.framework */ = {isa = PBXFileReference; lastKnownFileType = wrapper.framework; name = Parse.framework; path = Frameworks/Parse.framework; sourceTree = "<group>"; };
/* End PBXFileReference section */

/* Begin PBXFrameworksBuildPhase section */
		D96C1B05189571DC00123AFA /* Frameworks */ = {
			isa = PBXFrameworksBuildPhase;
			buildActionMask = 2147483647;
			files = (
				D991DDB31895B6AE00BEBE47 /* CoreData.framework in Frameworks */,
				D96C1B5C18957A4300123AFA /* SystemConfiguration.framework in Frameworks */,
				D96C1B5818957A3800123AFA /* Security.framework in Frameworks */,
				D96C1B5618957A3200123AFA /* QuartzCore.framework in Frameworks */,
				D96C1B5418957A2900123AFA /* MobileCoreServices.framework in Frameworks */,
				D9B0E95D18C109D7008A9435 /* Parse.framework in Frameworks */,
				D96C1B5218957A2100123AFA /* libz.dylib in Frameworks */,
				D96C1B0E189571DC00123AFA /* CoreGraphics.framework in Frameworks */,
				D96C1B5018957A0D00123AFA /* CFNetwork.framework in Frameworks */,
				D96C1B4E18957A0400123AFA /* AudioToolbox.framework in Frameworks */,
				D96C1B10189571DC00123AFA /* UIKit.framework in Frameworks */,
				D97531AD18C0ED6C0011063F /* StoreKit.framework in Frameworks */,
				D96C1B0C189571DC00123AFA /* Foundation.framework in Frameworks */,
			);
			runOnlyForDeploymentPostprocessing = 0;
		};
		D96C1B26189571DC00123AFA /* Frameworks */ = {
			isa = PBXFrameworksBuildPhase;
			buildActionMask = 2147483647;
			files = (
				D96C1B2B189571DC00123AFA /* XCTest.framework in Frameworks */,
				D96C1B2D189571DC00123AFA /* UIKit.framework in Frameworks */,
				D96C1B2C189571DC00123AFA /* Foundation.framework in Frameworks */,
			);
			runOnlyForDeploymentPostprocessing = 0;
		};
/* End PBXFrameworksBuildPhase section */

/* Begin PBXGroup section */
		D90D748218A708C200B39F14 /* Controller */ = {
			isa = PBXGroup;
			children = (
				D9517FCE18C3D0BE00753FFD /* Initial Setup */,
				D9517FD018C3D0DF00753FFD /* Base Views */,
				D9517FCF18C3D0CD00753FFD /* Search */,
				D97531A918C0EC000011063F /* GidrEventViewController.h */,
				D97531AA18C0EC000011063F /* GidrEventViewController.m */,
				D96C1B401895746700123AFA /* GidrDiscoverViewController.h */,
				D96C1B411895746700123AFA /* GidrDiscoverViewController.m */,
				D90D747F18A708B600B39F14 /* GidrSettingsTableControllerViewController.h */,
				D90D748018A708B600B39F14 /* GidrSettingsTableControllerViewController.m */,
			);
			name = Controller;
			sourceTree = "<group>";
		};
		D90D748318A708CE00B39F14 /* Model */ = {
			isa = PBXGroup;
			children = (
				D97531AE18C0EE9B0011063F /* GidrEvent.h */,
				D97531AF18C0EE9B0011063F /* GidrEvent.m */,
				D991DDB41895B6C200BEBE47 /* Model.xcdatamodeld */,
				D96C1B1A189571DC00123AFA /* GidrAppDelegate.h */,
				D96C1B1B189571DC00123AFA /* GidrAppDelegate.m */,
				D97531B118C0EEBB0011063F /* GidrEventsMapper.h */,
				D97531B218C0EEBB0011063F /* GidrEventsMapper.m */,
			);
			name = Model;
			sourceTree = "<group>";
		};
		D90D748418A708D500B39F14 /* View */ = {
			isa = PBXGroup;
			children = (
				D96C1B1D189571DC00123AFA /* Main.storyboard */,
			);
			name = View;
			sourceTree = "<group>";
		};
		D93C2DBF18991FBB007A6F6A /* Splash Images */ = {
			isa = PBXGroup;
			children = (
				D93C2DC018991FCA007A6F6A /* SpashscreenMockup.png */,
				D93C2DC118991FCA007A6F6A /* SpashscreenMockup@2x.png */,
			);
			name = "Splash Images";
			sourceTree = "<group>";
		};
		D9517FCE18C3D0BE00753FFD /* Initial Setup */ = {
			isa = PBXGroup;
			children = (
				D9517FCB18C3D06A00753FFD /* GidrInitialSetupViewController.h */,
				D9517FCC18C3D06A00753FFD /* GidrInitialSetupViewController.m */,
			);
			name = "Initial Setup";
			sourceTree = "<group>";
		};
		D9517FCF18C3D0CD00753FFD /* Search */ = {
			isa = PBXGroup;
			children = (
				D90D748518A7095900B39F14 /* GidrSearchViewController.h */,
				D90D748618A7095900B39F14 /* GidrSearchViewController.m */,
				D90D748818A7097C00B39F14 /* GidrSearchResultsTableViewController.h */,
				D90D748918A7097C00B39F14 /* GidrSearchResultsTableViewController.m */,
			);
			name = Search;
			sourceTree = "<group>";
		};
		D9517FD018C3D0DF00753FFD /* Base Views */ = {
			isa = PBXGroup;
			children = (
				D9517FC818C3D00500753FFD /* GidrTabBarViewController.h */,
				D9517FC918C3D00500753FFD /* GidrTabBarViewController.m */,
				D952A74E18B16FC200CD22C7 /* GidrNavigationController.h */,
				D952A74F18B16FC200CD22C7 /* GidrNavigationController.m */,
			);
			name = "Base Views";
			sourceTree = "<group>";
		};
		D96C1AFF189571DC00123AFA = {
			isa = PBXGroup;
			children = (
				D96C1B461895792100123AFA /* Images */,
				D96C1B11189571DC00123AFA /* Gidr */,
				D96C1B30189571DC00123AFA /* GidrTests */,
				D96C1B0A189571DC00123AFA /* Frameworks */,
				D96C1B09189571DC00123AFA /* Products */,
			);
			sourceTree = "<group>";
		};
		D96C1B09189571DC00123AFA /* Products */ = {
			isa = PBXGroup;
			children = (
				D96C1B08189571DC00123AFA /* Gidr.app */,
				D96C1B29189571DC00123AFA /* GidrTests.xctest */,
			);
			name = Products;
			sourceTree = "<group>";
		};
		D96C1B0A189571DC00123AFA /* Frameworks */ = {
			isa = PBXGroup;
			children = (
				D97531AC18C0ED6C0011063F /* StoreKit.framework */,
				D9B0E95C18C109D7008A9435 /* Parse.framework */,
				D991DDB21895B6AE00BEBE47 /* CoreData.framework */,
				D96C1B5B18957A4300123AFA /* SystemConfiguration.framework */,
				D96C1B5718957A3800123AFA /* Security.framework */,
				D96C1B5518957A3200123AFA /* QuartzCore.framework */,
				D96C1B5318957A2900123AFA /* MobileCoreServices.framework */,
				D96C1B5118957A2100123AFA /* libz.dylib */,
				D96C1B4F18957A0D00123AFA /* CFNetwork.framework */,
				D96C1B4D18957A0400123AFA /* AudioToolbox.framework */,
				D96C1B0B189571DC00123AFA /* Foundation.framework */,
				D96C1B0D189571DC00123AFA /* CoreGraphics.framework */,
				D96C1B0F189571DC00123AFA /* UIKit.framework */,
				D96C1B2A189571DC00123AFA /* XCTest.framework */,
			);
			name = Frameworks;
			sourceTree = "<group>";
		};
		D96C1B11189571DC00123AFA /* Gidr */ = {
			isa = PBXGroup;
			children = (
				D90D748318A708CE00B39F14 /* Model */,
				D90D748418A708D500B39F14 /* View */,
				D90D748218A708C200B39F14 /* Controller */,
				D96C1B23189571DC00123AFA /* Images.xcassets */,
				D96C1B12189571DC00123AFA /* Supporting Files */,
			);
			path = Gidr;
			sourceTree = "<group>";
		};
		D96C1B12189571DC00123AFA /* Supporting Files */ = {
			isa = PBXGroup;
			children = (
				D96C1B13189571DC00123AFA /* Gidr-Info.plist */,
				D96C1B14189571DC00123AFA /* InfoPlist.strings */,
				D96C1B17189571DC00123AFA /* main.m */,
				D96C1B19189571DC00123AFA /* Gidr-Prefix.pch */,
			);
			name = "Supporting Files";
			sourceTree = "<group>";
		};
		D96C1B30189571DC00123AFA /* GidrTests */ = {
			isa = PBXGroup;
			children = (
				D96C1B36189571DC00123AFA /* GidrTests.m */,
				D96C1B31189571DC00123AFA /* Supporting Files */,
			);
			path = GidrTests;
			sourceTree = "<group>";
		};
		D96C1B31189571DC00123AFA /* Supporting Files */ = {
			isa = PBXGroup;
			children = (
				D96C1B32189571DC00123AFA /* GidrTests-Info.plist */,
				D96C1B33189571DC00123AFA /* InfoPlist.strings */,
			);
			name = "Supporting Files";
			sourceTree = "<group>";
		};
		D96C1B461895792100123AFA /* Images */ = {
			isa = PBXGroup;
			children = (
				D93C2DBF18991FBB007A6F6A /* Splash Images */,
				D96C1B491895796F00123AFA /* magnify.png */,
				D96C1B471895792E00123AFA /* radar.png */,
			);
			name = Images;
			sourceTree = "<group>";
		};
/* End PBXGroup section */

/* Begin PBXNativeTarget section */
		D96C1B07189571DC00123AFA /* Gidr */ = {
			isa = PBXNativeTarget;
			buildConfigurationList = D96C1B3A189571DC00123AFA /* Build configuration list for PBXNativeTarget "Gidr" */;
			buildPhases = (
				D96C1B04189571DC00123AFA /* Sources */,
				D96C1B05189571DC00123AFA /* Frameworks */,
				D96C1B06189571DC00123AFA /* Resources */,
			);
			buildRules = (
			);
			dependencies = (
			);
			name = Gidr;
			productName = Gidr;
			productReference = D96C1B08189571DC00123AFA /* Gidr.app */;
			productType = "com.apple.product-type.application";
		};
		D96C1B28189571DC00123AFA /* GidrTests */ = {
			isa = PBXNativeTarget;
			buildConfigurationList = D96C1B3D189571DC00123AFA /* Build configuration list for PBXNativeTarget "GidrTests" */;
			buildPhases = (
				D96C1B25189571DC00123AFA /* Sources */,
				D96C1B26189571DC00123AFA /* Frameworks */,
				D96C1B27189571DC00123AFA /* Resources */,
			);
			buildRules = (
			);
			dependencies = (
				D96C1B2F189571DC00123AFA /* PBXTargetDependency */,
			);
			name = GidrTests;
			productName = GidrTests;
			productReference = D96C1B29189571DC00123AFA /* GidrTests.xctest */;
			productType = "com.apple.product-type.bundle.unit-test";
		};
/* End PBXNativeTarget section */

/* Begin PBXProject section */
		D96C1B00189571DC00123AFA /* Project object */ = {
			isa = PBXProject;
			attributes = {
				CLASSPREFIX = Gidr;
				LastUpgradeCheck = 0500;
				ORGANIZATIONNAME = Gidr;
				TargetAttributes = {
					D96C1B07189571DC00123AFA = {
						DevelopmentTeam = B47753WBQ2;
						SystemCapabilities = {
							com.apple.InAppPurchase = {
								enabled = 1;
							};
						};
					};
					D96C1B28189571DC00123AFA = {
						TestTargetID = D96C1B07189571DC00123AFA;
					};
				};
			};
			buildConfigurationList = D96C1B03189571DC00123AFA /* Build configuration list for PBXProject "Gidr" */;
			compatibilityVersion = "Xcode 3.2";
			developmentRegion = English;
			hasScannedForEncodings = 0;
			knownRegions = (
				en,
				Base,
			);
			mainGroup = D96C1AFF189571DC00123AFA;
			productRefGroup = D96C1B09189571DC00123AFA /* Products */;
			projectDirPath = "";
			projectRoot = "";
			targets = (
				D96C1B07189571DC00123AFA /* Gidr */,
				D96C1B28189571DC00123AFA /* GidrTests */,
			);
		};
/* End PBXProject section */

/* Begin PBXResourcesBuildPhase section */
		D96C1B06189571DC00123AFA /* Resources */ = {
			isa = PBXResourcesBuildPhase;
			buildActionMask = 2147483647;
			files = (
				D96C1B481895792E00123AFA /* radar.png in Resources */,
				D96C1B24189571DC00123AFA /* Images.xcassets in Resources */,
				D93C2DC218991FCA007A6F6A /* SpashscreenMockup.png in Resources */,
				D96C1B16189571DC00123AFA /* InfoPlist.strings in Resources */,
				D96C1B4A1895796F00123AFA /* magnify.png in Resources */,
				D93C2DC318991FCA007A6F6A /* SpashscreenMockup@2x.png in Resources */,
				D96C1B1F189571DC00123AFA /* Main.storyboard in Resources */,
			);
			runOnlyForDeploymentPostprocessing = 0;
		};
		D96C1B27189571DC00123AFA /* Resources */ = {
			isa = PBXResourcesBuildPhase;
			buildActionMask = 2147483647;
			files = (
				D96C1B35189571DC00123AFA /* InfoPlist.strings in Resources */,
			);
			runOnlyForDeploymentPostprocessing = 0;
		};
/* End PBXResourcesBuildPhase section */

/* Begin PBXSourcesBuildPhase section */
		D96C1B04189571DC00123AFA /* Sources */ = {
			isa = PBXSourcesBuildPhase;
			buildActionMask = 2147483647;
			files = (
				D97531AB18C0EC000011063F /* GidrEventViewController.m in Sources */,
				D96C1B1C189571DC00123AFA /* GidrAppDelegate.m in Sources */,
				D97531B018C0EE9B0011063F /* GidrEvent.m in Sources */,
				D9517FCD18C3D06A00753FFD /* GidrInitialSetupViewController.m in Sources */,
				D97531B318C0EEBB0011063F /* GidrEventsMapper.m in Sources */,
				D90D748118A708B600B39F14 /* GidrSettingsTableControllerViewController.m in Sources */,
				D96C1B18189571DC00123AFA /* main.m in Sources */,
				D90D748718A7095900B39F14 /* GidrSearchViewController.m in Sources */,
				D96C1B421895746700123AFA /* GidrDiscoverViewController.m in Sources */,
				D952A75018B16FC200CD22C7 /* GidrNavigationController.m in Sources */,
				D90D748A18A7097C00B39F14 /* GidrSearchResultsTableViewController.m in Sources */,
				D9517FCA18C3D00500753FFD /* GidrTabBarViewController.m in Sources */,
				D991DDB61895B6C200BEBE47 /* Model.xcdatamodeld in Sources */,
			);
			runOnlyForDeploymentPostprocessing = 0;
		};
		D96C1B25189571DC00123AFA /* Sources */ = {
			isa = PBXSourcesBuildPhase;
			buildActionMask = 2147483647;
			files = (
				D96C1B37189571DC00123AFA /* GidrTests.m in Sources */,
			);
			runOnlyForDeploymentPostprocessing = 0;
		};
/* End PBXSourcesBuildPhase section */

/* Begin PBXTargetDependency section */
		D96C1B2F189571DC00123AFA /* PBXTargetDependency */ = {
			isa = PBXTargetDependency;
			target = D96C1B07189571DC00123AFA /* Gidr */;
			targetProxy = D96C1B2E189571DC00123AFA /* PBXContainerItemProxy */;
		};
/* End PBXTargetDependency section */

/* Begin PBXVariantGroup section */
		D96C1B14189571DC00123AFA /* InfoPlist.strings */ = {
			isa = PBXVariantGroup;
			children = (
				D96C1B15189571DC00123AFA /* en */,
			);
			name = InfoPlist.strings;
			sourceTree = "<group>";
		};
		D96C1B1D189571DC00123AFA /* Main.storyboard */ = {
			isa = PBXVariantGroup;
			children = (
				D96C1B1E189571DC00123AFA /* Base */,
			);
			name = Main.storyboard;
			sourceTree = "<group>";
		};
		D96C1B33189571DC00123AFA /* InfoPlist.strings */ = {
			isa = PBXVariantGroup;
			children = (
				D96C1B34189571DC00123AFA /* en */,
			);
			name = InfoPlist.strings;
			sourceTree = "<group>";
		};
/* End PBXVariantGroup section */

/* Begin XCBuildConfiguration section */
		D96C1B38189571DC00123AFA /* Debug */ = {
			isa = XCBuildConfiguration;
			buildSettings = {
				ALWAYS_SEARCH_USER_PATHS = NO;
				ARCHS = "$(ARCHS_STANDARD_INCLUDING_64_BIT)";
				CLANG_CXX_LANGUAGE_STANDARD = "gnu++0x";
				CLANG_CXX_LIBRARY = "libc++";
				CLANG_ENABLE_MODULES = YES;
				CLANG_ENABLE_OBJC_ARC = YES;
				CLANG_WARN_BOOL_CONVERSION = YES;
				CLANG_WARN_CONSTANT_CONVERSION = YES;
				CLANG_WARN_DIRECT_OBJC_ISA_USAGE = YES_ERROR;
				CLANG_WARN_EMPTY_BODY = YES;
				CLANG_WARN_ENUM_CONVERSION = YES;
				CLANG_WARN_INT_CONVERSION = YES;
				CLANG_WARN_OBJC_ROOT_CLASS = YES_ERROR;
				CLANG_WARN__DUPLICATE_METHOD_MATCH = YES;
				CODE_SIGN_IDENTITY = "iPhone Developer: Jonathan Sterling (BBQF5T637P)";
				"CODE_SIGN_IDENTITY[sdk=iphoneos*]" = "iPhone Developer: Jonathan Sterling (BBQF5T637P)";
				COPY_PHASE_STRIP = NO;
				GCC_C_LANGUAGE_STANDARD = gnu99;
				GCC_DYNAMIC_NO_PIC = NO;
				GCC_OPTIMIZATION_LEVEL = 0;
				GCC_PREPROCESSOR_DEFINITIONS = (
					"DEBUG=1",
					"$(inherited)",
				);
				GCC_SYMBOLS_PRIVATE_EXTERN = NO;
				GCC_WARN_64_TO_32_BIT_CONVERSION = YES;
				GCC_WARN_ABOUT_RETURN_TYPE = YES_ERROR;
				GCC_WARN_UNDECLARED_SELECTOR = YES;
				GCC_WARN_UNINITIALIZED_AUTOS = YES;
				GCC_WARN_UNUSED_FUNCTION = YES;
				GCC_WARN_UNUSED_VARIABLE = YES;
				IPHONEOS_DEPLOYMENT_TARGET = 6.0;
				ONLY_ACTIVE_ARCH = YES;
				PROVISIONING_PROFILE = "621E00F5-16E5-4D91-8E8E-48D0BC455BA5";
				SDKROOT = iphoneos;
			};
			name = Debug;
		};
		D96C1B39189571DC00123AFA /* Release */ = {
			isa = XCBuildConfiguration;
			buildSettings = {
				ALWAYS_SEARCH_USER_PATHS = NO;
				ARCHS = "$(ARCHS_STANDARD_INCLUDING_64_BIT)";
				CLANG_CXX_LANGUAGE_STANDARD = "gnu++0x";
				CLANG_CXX_LIBRARY = "libc++";
				CLANG_ENABLE_MODULES = YES;
				CLANG_ENABLE_OBJC_ARC = YES;
				CLANG_WARN_BOOL_CONVERSION = YES;
				CLANG_WARN_CONSTANT_CONVERSION = YES;
				CLANG_WARN_DIRECT_OBJC_ISA_USAGE = YES_ERROR;
				CLANG_WARN_EMPTY_BODY = YES;
				CLANG_WARN_ENUM_CONVERSION = YES;
				CLANG_WARN_INT_CONVERSION = YES;
				CLANG_WARN_OBJC_ROOT_CLASS = YES_ERROR;
				CLANG_WARN__DUPLICATE_METHOD_MATCH = YES;
				CODE_SIGN_IDENTITY = "iPhone Developer: Jonathan Sterling (BBQF5T637P)";
				"CODE_SIGN_IDENTITY[sdk=iphoneos*]" = "iPhone Developer: Jonathan Sterling (BBQF5T637P)";
				COPY_PHASE_STRIP = YES;
				ENABLE_NS_ASSERTIONS = NO;
				GCC_C_LANGUAGE_STANDARD = gnu99;
				GCC_WARN_64_TO_32_BIT_CONVERSION = YES;
				GCC_WARN_ABOUT_RETURN_TYPE = YES_ERROR;
				GCC_WARN_UNDECLARED_SELECTOR = YES;
				GCC_WARN_UNINITIALIZED_AUTOS = YES;
				GCC_WARN_UNUSED_FUNCTION = YES;
				GCC_WARN_UNUSED_VARIABLE = YES;
				IPHONEOS_DEPLOYMENT_TARGET = 6.0;
				PROVISIONING_PROFILE = "621E00F5-16E5-4D91-8E8E-48D0BC455BA5";
				SDKROOT = iphoneos;
				VALIDATE_PRODUCT = YES;
			};
			name = Release;
		};
		D96C1B3B189571DC00123AFA /* Debug */ = {
			isa = XCBuildConfiguration;
			buildSettings = {
				ASSETCATALOG_COMPILER_APPICON_NAME = AppIcon;
				ASSETCATALOG_COMPILER_LAUNCHIMAGE_NAME = LaunchImage;
				CODE_SIGN_IDENTITY = "iPhone Developer";
				"CODE_SIGN_IDENTITY[sdk=iphoneos*]" = "iPhone Developer";
				FRAMEWORK_SEARCH_PATHS = (
					"$(inherited)",
					Frameworks,
				);
				GCC_PRECOMPILE_PREFIX_HEADER = YES;
				GCC_PREFIX_HEADER = "Gidr/Gidr-Prefix.pch";
				INFOPLIST_FILE = "Gidr/Gidr-Info.plist";
				PRODUCT_NAME = "$(TARGET_NAME)";
				PROVISIONING_PROFILE = "";
				WRAPPER_EXTENSION = app;
			};
			name = Debug;
		};
		D96C1B3C189571DC00123AFA /* Release */ = {
			isa = XCBuildConfiguration;
			buildSettings = {
				ASSETCATALOG_COMPILER_APPICON_NAME = AppIcon;
				ASSETCATALOG_COMPILER_LAUNCHIMAGE_NAME = LaunchImage;
				CODE_SIGN_IDENTITY = "iPhone Developer";
				"CODE_SIGN_IDENTITY[sdk=iphoneos*]" = "iPhone Developer";
				FRAMEWORK_SEARCH_PATHS = (
					"$(inherited)",
					Frameworks,
				);
				GCC_PRECOMPILE_PREFIX_HEADER = YES;
				GCC_PREFIX_HEADER = "Gidr/Gidr-Prefix.pch";
				INFOPLIST_FILE = "Gidr/Gidr-Info.plist";
				PRODUCT_NAME = "$(TARGET_NAME)";
				PROVISIONING_PROFILE = "";
				WRAPPER_EXTENSION = app;
			};
			name = Release;
		};
		D96C1B3E189571DC00123AFA /* Debug */ = {
			isa = XCBuildConfiguration;
			buildSettings = {
				ARCHS = "$(ARCHS_STANDARD_INCLUDING_64_BIT)";
				BUNDLE_LOADER = "$(BUILT_PRODUCTS_DIR)/Gidr.app/Gidr";
				FRAMEWORK_SEARCH_PATHS = (
					"$(SDKROOT)/Developer/Library/Frameworks",
					"$(inherited)",
					"$(DEVELOPER_FRAMEWORKS_DIR)",
					/Users/administrator/Desktop/Gidr,
				);
				GCC_PRECOMPILE_PREFIX_HEADER = YES;
				GCC_PREFIX_HEADER = "Gidr/Gidr-Prefix.pch";
				GCC_PREPROCESSOR_DEFINITIONS = (
					"DEBUG=1",
					"$(inherited)",
				);
				INFOPLIST_FILE = "GidrTests/GidrTests-Info.plist";
				PRODUCT_NAME = "$(TARGET_NAME)";
				TEST_HOST = "$(BUNDLE_LOADER)";
				WRAPPER_EXTENSION = xctest;
			};
			name = Debug;
		};
		D96C1B3F189571DC00123AFA /* Release */ = {
			isa = XCBuildConfiguration;
			buildSettings = {
				ARCHS = "$(ARCHS_STANDARD_INCLUDING_64_BIT)";
				BUNDLE_LOADER = "$(BUILT_PRODUCTS_DIR)/Gidr.app/Gidr";
				FRAMEWORK_SEARCH_PATHS = (
					"$(SDKROOT)/Developer/Library/Frameworks",
					"$(inherited)",
					"$(DEVELOPER_FRAMEWORKS_DIR)",
					/Users/administrator/Desktop/Gidr,
				);
				GCC_PRECOMPILE_PREFIX_HEADER = YES;
				GCC_PREFIX_HEADER = "Gidr/Gidr-Prefix.pch";
				INFOPLIST_FILE = "GidrTests/GidrTests-Info.plist";
				PRODUCT_NAME = "$(TARGET_NAME)";
				TEST_HOST = "$(BUNDLE_LOADER)";
				WRAPPER_EXTENSION = xctest;
			};
			name = Release;
		};
/* End XCBuildConfiguration section */

/* Begin XCConfigurationList section */
		D96C1B03189571DC00123AFA /* Build configuration list for PBXProject "Gidr" */ = {
			isa = XCConfigurationList;
			buildConfigurations = (
				D96C1B38189571DC00123AFA /* Debug */,
				D96C1B39189571DC00123AFA /* Release */,
			);
			defaultConfigurationIsVisible = 0;
			defaultConfigurationName = Release;
		};
		D96C1B3A189571DC00123AFA /* Build configuration list for PBXNativeTarget "Gidr" */ = {
			isa = XCConfigurationList;
			buildConfigurations = (
				D96C1B3B189571DC00123AFA /* Debug */,
				D96C1B3C189571DC00123AFA /* Release */,
			);
			defaultConfigurationIsVisible = 0;
			defaultConfigurationName = Release;
		};
		D96C1B3D189571DC00123AFA /* Build configuration list for PBXNativeTarget "GidrTests" */ = {
			isa = XCConfigurationList;
			buildConfigurations = (
				D96C1B3E189571DC00123AFA /* Debug */,
				D96C1B3F189571DC00123AFA /* Release */,
			);
			defaultConfigurationIsVisible = 0;
			defaultConfigurationName = Release;
		};
/* End XCConfigurationList section */

/* Begin XCVersionGroup section */
		D991DDB41895B6C200BEBE47 /* Model.xcdatamodeld */ = {
			isa = XCVersionGroup;
			children = (
				D9396C2018C101D4006AE09F /* Model.xcdatamodel */,
				D991DDB51895B6C200BEBE47 /* Model.xcdatamodel */,
			);
			currentVersion = D9396C2018C101D4006AE09F /* Model.xcdatamodel */;
			name = Model.xcdatamodeld;
			path = ../Model.xcdatamodeld;
			sourceTree = "<group>";
			versionGroupType = wrapper.xcdatamodel;
		};
/* End XCVersionGroup section */
	};
	rootObject = D96C1B00189571DC00123AFA /* Project object */;
}
